
Microsoft Visual Studio Solution File, Format Version 12.00
# Visual Studio Version 17
VisualStudioVersion = 17.5.33424.131
MinimumVisualStudioVersion = 10.0.40219.1
Project("{FAE04EC0-301F-11D3-BF4B-00C04F79EFBC}") = "Home.Data.SqlDatabase", "Home.Data.SqlDatabase\Home.Data.SqlDatabase.csproj", "{CADF1D0E-9AC8-4F2F-8F4D-14943A57F6BD}"
EndProject
Project("{FAE04EC0-301F-11D3-BF4B-00C04F79EFBC}") = "Home.Ui.BlazorSrv", "Home.Ui.BlazorSrv\Home.Ui.BlazorSrv.csproj", "{AC102728-45EF-4A8C-BD82-75D266517F04}"
EndProject
Project("{2150E333-8FDC-42A3-9474-1A3956D46DE8}") = "Solution Items", "Solution Items", "{F21E699A-FED8-4F51-BAB6-A538745BCB49}"
	ProjectSection(SolutionItems) = preProject
		.gitignore = .gitignore
		README.md = README.md
	EndProjectSection
EndProject
Global
	GlobalSection(SolutionConfigurationPlatforms) = preSolution
		Debug|Any CPU = Debug|Any CPU
		Release|Any CPU = Release|Any CPU
	EndGlobalSection
	GlobalSection(ProjectConfigurationPlatforms) = postSolution
		{CADF1D0E-9AC8-4F2F-8F4D-14943A57F6BD}.Debug|Any CPU.ActiveCfg = Debug|Any CPU
		{CADF1D0E-9AC8-4F2F-8F4D-14943A57F6BD}.Debug|Any CPU.Build.0 = Debug|Any CPU
		{CADF1D0E-9AC8-4F2F-8F4D-14943A57F6BD}.Release|Any CPU.ActiveCfg = Release|Any CPU
		{CADF1D0E-9AC8-4F2F-8F4D-14943A57F6BD}.Release|Any CPU.Build.0 = Release|Any CPU
		{AC102728-45EF-4A8C-BD82-75D266517F04}.Debug|Any CPU.ActiveCfg = Debug|Any CPU
		{AC102728-45EF-4A8C-BD82-75D266517F04}.Debug|Any CPU.Build.0 = Debug|Any CPU
		{AC102728-45EF-4A8C-BD82-75D266517F04}.Release|Any CPU.ActiveCfg = Release|Any CPU
		{AC102728-45EF-4A8C-BD82-75D266517F04}.Release|Any CPU.Build.0 = Release|Any CPU
	EndGlobalSection
	GlobalSection(SolutionProperties) = preSolution
		HideSolutionNode = FALSE
	EndGlobalSection
	GlobalSection(ExtensibilityGlobals) = postSolution
		SolutionGuid = {650E36B8-C750-4645-8444-B1C5B46DDDD6}
	EndGlobalSection
EndGlobal
